// !$*UTF8*$!
{
	archiveVersion = 1;
	classes = {
	};
	objectVersion = 56;
	objects = {

/* Begin PBXBuildFile section */
		524B491A2BBADE7B009DC176 /* AppDelegate.swift in Sources */ = {isa = PBXBuildFile; fileRef = 524B49192BBADE7B009DC176 /* AppDelegate.swift */; };
		524B491C2BBADE7B009DC176 /* SceneDelegate.swift in Sources */ = {isa = PBXBuildFile; fileRef = 524B491B2BBADE7B009DC176 /* SceneDelegate.swift */; };
		524B49232BBADE7D009DC176 /* Assets.xcassets in Resources */ = {isa = PBXBuildFile; fileRef = 524B49222BBADE7D009DC176 /* Assets.xcassets */; };
		524B49452BBC59B7009DC176 /* TabBarController.swift in Sources */ = {isa = PBXBuildFile; fileRef = 524B49442BBC59B7009DC176 /* TabBarController.swift */; };
		524B49472BBC5C1E009DC176 /* TabBarControllerSettings.swift in Sources */ = {isa = PBXBuildFile; fileRef = 524B49462BBC5C1E009DC176 /* TabBarControllerSettings.swift */; };
		524B494B2BBC5D7E009DC176 /* MainViewController.swift in Sources */ = {isa = PBXBuildFile; fileRef = 524B494A2BBC5D7E009DC176 /* MainViewController.swift */; };
		524B494D2BBC5DE2009DC176 /* PurchaseViewController.swift in Sources */ = {isa = PBXBuildFile; fileRef = 524B494C2BBC5DE2009DC176 /* PurchaseViewController.swift */; };
		524B494F2BBC5E80009DC176 /* RecommendationViewController.swift in Sources */ = {isa = PBXBuildFile; fileRef = 524B494E2BBC5E80009DC176 /* RecommendationViewController.swift */; };
		524B49512BBC5E92009DC176 /* SettingsViewController.swift in Sources */ = {isa = PBXBuildFile; fileRef = 524B49502BBC5E92009DC176 /* SettingsViewController.swift */; };
		524B49532BBC6CA7009DC176 /* RecommendatoinLabelData .swift in Sources */ = {isa = PBXBuildFile; fileRef = 524B49522BBC6CA7009DC176 /* RecommendatoinLabelData .swift */; };
		524B49552BBC6DAE009DC176 /* RecommendationViewModel.swift in Sources */ = {isa = PBXBuildFile; fileRef = 524B49542BBC6DAE009DC176 /* RecommendationViewModel.swift */; };
/* End PBXBuildFile section */

/* Begin PBXFileReference section */
		524B49162BBADE7B009DC176 /* MVVM.app */ = {isa = PBXFileReference; explicitFileType = wrapper.application; includeInIndex = 0; path = MVVM.app; sourceTree = BUILT_PRODUCTS_DIR; };
		524B49192BBADE7B009DC176 /* AppDelegate.swift */ = {isa = PBXFileReference; lastKnownFileType = sourcecode.swift; path = AppDelegate.swift; sourceTree = "<group>"; };
		524B491B2BBADE7B009DC176 /* SceneDelegate.swift */ = {isa = PBXFileReference; lastKnownFileType = sourcecode.swift; path = SceneDelegate.swift; sourceTree = "<group>"; };
		524B49222BBADE7D009DC176 /* Assets.xcassets */ = {isa = PBXFileReference; lastKnownFileType = folder.assetcatalog; path = Assets.xcassets; sourceTree = "<group>"; };
		524B49272BBADE7D009DC176 /* Info.plist */ = {isa = PBXFileReference; lastKnownFileType = text.plist.xml; name = Info.plist; path = MVVM/Resources/Info.plist; sourceTree = SOURCE_ROOT; };
		524B494A2BBC5D7E009DC176 /* MainViewController.swift */ = {isa = PBXFileReference; lastKnownFileType = sourcecode.swift; path = MainViewController.swift; sourceTree = "<group>"; };
		524B494C2BBC5DE2009DC176 /* PurchaseViewController.swift */ = {isa = PBXFileReference; lastKnownFileType = sourcecode.swift; path = PurchaseViewController.swift; sourceTree = "<group>"; };
		524B494E2BBC5E80009DC176 /* RecommendationViewController.swift */ = {isa = PBXFileReference; lastKnownFileType = sourcecode.swift; path = RecommendationViewController.swift; sourceTree = "<group>"; };
		524B49502BBC5E92009DC176 /* SettingsViewController.swift */ = {isa = PBXFileReference; lastKnownFileType = sourcecode.swift; path = SettingsViewController.swift; sourceTree = "<group>"; };
		524B49522BBC6CA7009DC176 /* RecommendatoinLabelData .swift */ = {isa = PBXFileReference; lastKnownFileType = sourcecode.swift; path = "RecommendatoinLabelData .swift"; sourceTree = "<group>"; };
		524B49542BBC6DAE009DC176 /* RecommendationViewModel.swift */ = {isa = PBXFileReference; lastKnownFileType = sourcecode.swift; path = RecommendationViewModel.swift; sourceTree = "<group>"; };
/* End PBXFileReference section */

/* Begin PBXFrameworksBuildPhase section */
		524B49132BBADE7B009DC176 /* Frameworks */ = {
			isa = PBXFrameworksBuildPhase;
			buildActionMask = 2147483647;
			files = (
			);
			runOnlyForDeploymentPostprocessing = 0;
		};
/* End PBXFrameworksBuildPhase section */

/* Begin PBXGroup section */
		524B490D2BBADE7B009DC176 = {
			isa = PBXGroup;
			children = (
				524B49182BBADE7B009DC176 /* MVVM */,
				524B49172BBADE7B009DC176 /* Products */,
			);
			sourceTree = "<group>";
		};
		524B49172BBADE7B009DC176 /* Products */ = {
			isa = PBXGroup;
			children = (
				524B49162BBADE7B009DC176 /* MVVM.app */,
			);
			name = Products;
			sourceTree = "<group>";
		};
		524B49182BBADE7B009DC176 /* MVVM */ = {
			isa = PBXGroup;
			children = (
				524B492D2BBADF06009DC176 /* Application */,
				524B493E2BBB022E009DC176 /* Models */,
				524B492F2BBAF8FB009DC176 /* Views */,
				524B49302BBAF902009DC176 /* ViewModels */,
				524B492E2BBADF11009DC176 /* Resources */,
			);
			path = MVVM;
			sourceTree = "<group>";
		};
		524B492D2BBADF06009DC176 /* Application */ = {
			isa = PBXGroup;
			children = (
				524B49192BBADE7B009DC176 /* AppDelegate.swift */,
				524B491B2BBADE7B009DC176 /* SceneDelegate.swift */,
			);
			path = Application;
			sourceTree = "<group>";
		};
		524B492E2BBADF11009DC176 /* Resources */ = {
			isa = PBXGroup;
			children = (
				524B49222BBADE7D009DC176 /* Assets.xcassets */,
				524B49272BBADE7D009DC176 /* Info.plist */,
			);
			path = Resources;
			sourceTree = "<group>";
		};
		524B492F2BBAF8FB009DC176 /* Views */ = {
			isa = PBXGroup;
			children = (
				524B495A2BBDBD07009DC176 /* CustomTabBarController.swift */,
				524B494A2BBC5D7E009DC176 /* MainViewController.swift */,
				524B494C2BBC5DE2009DC176 /* PurchaseViewController.swift */,
				524B494E2BBC5E80009DC176 /* RecommendationViewController.swift */,
				524B49502BBC5E92009DC176 /* SettingsViewController.swift */,
				524B496A2BC2700E009DC176 /* InfoDisplayView.swift */,
			);
			path = Views;
			sourceTree = "<group>";
		};
		524B49302BBAF902009DC176 /* ViewModels */ = {
			isa = PBXGroup;
			children = (
				524B49462BBC5C1E009DC176 /* TabBarControllerSettings.swift */,
				524B49542BBC6DAE009DC176 /* RecommendationViewModel.swift */,
			);
			path = ViewModels;
			sourceTree = "<group>";
		};
		524B493E2BBB022E009DC176 /* Models */ = {
			isa = PBXGroup;
			children = (
				524B49522BBC6CA7009DC176 /* RecommendatoinLabelData .swift */,
			);
			path = Models;
			sourceTree = "<group>";
		};
/* End PBXGroup section */

/* Begin PBXNativeTarget section */
		524B49152BBADE7B009DC176 /* MVVM */ = {
			isa = PBXNativeTarget;
			buildConfigurationList = 524B492A2BBADE7D009DC176 /* Build configuration list for PBXNativeTarget "MVVM" */;
			buildPhases = (
				524B49122BBADE7B009DC176 /* Sources */,
				524B49132BBADE7B009DC176 /* Frameworks */,
				524B49142BBADE7B009DC176 /* Resources */,
			);
			buildRules = (
			);
			dependencies = (
			);
			name = MVVM;
			packageProductDependencies = (
			);
			productName = MVVM;
			productReference = 524B49162BBADE7B009DC176 /* MVVM.app */;
			productType = "com.apple.product-type.application";
		};
/* End PBXNativeTarget section */

/* Begin PBXProject section */
		524B490E2BBADE7B009DC176 /* Project object */ = {
			isa = PBXProject;
			attributes = {
				BuildIndependentTargetsInParallel = 1;
				LastSwiftUpdateCheck = 1530;
				LastUpgradeCheck = 1530;
				TargetAttributes = {
					524B49152BBADE7B009DC176 = {
						CreatedOnToolsVersion = 15.3;
					};
				};
			};
			buildConfigurationList = 524B49112BBADE7B009DC176 /* Build configuration list for PBXProject "MVVM" */;
			compatibilityVersion = "Xcode 14.0";
			developmentRegion = en;
			hasScannedForEncodings = 0;
			knownRegions = (
				en,
				Base,
			);
			mainGroup = 524B490D2BBADE7B009DC176;
			packageReferences = (
				8AD6B32B2BBD6D5D00424B6D /* XCRemoteSwiftPackageReference "SnapKit" */,
			);
			productRefGroup = 524B49172BBADE7B009DC176 /* Products */;
			projectDirPath = "";
			projectRoot = "";
			targets = (
				524B49152BBADE7B009DC176 /* MVVM */,
			);
		};
/* End PBXProject section */

/* Begin PBXResourcesBuildPhase section */
		524B49142BBADE7B009DC176 /* Resources */ = {
			isa = PBXResourcesBuildPhase;
			buildActionMask = 2147483647;
			files = (
				524B49232BBADE7D009DC176 /* Assets.xcassets in Resources */,
			);
			runOnlyForDeploymentPostprocessing = 0;
		};
/* End PBXResourcesBuildPhase section */

/* Begin PBXSourcesBuildPhase section */
		524B49122BBADE7B009DC176 /* Sources */ = {
			isa = PBXSourcesBuildPhase;
			buildActionMask = 2147483647;
			files = (
				524B494F2BBC5E80009DC176 /* RecommendationViewController.swift in Sources */,
				524B49532BBC6CA7009DC176 /* RecommendatoinLabelData .swift in Sources */,
				524B494B2BBC5D7E009DC176 /* MainViewController.swift in Sources */,
				524B49592BBDBCE7009DC176 /* TabBarViewModel.swift in Sources */,
				524B49572BBDBC9B009DC176 /* TabBarItem.swift in Sources */,
				524B49512BBC5E92009DC176 /* SettingsViewController.swift in Sources */,
				524B49612BBDD10A009DC176 /* SettingsItem.swift in Sources */,
				524B49652BC14DDB009DC176 /* PurchaseModel.swift in Sources */,
				524B496B2BC2700E009DC176 /* InfoDisplayView.swift in Sources */,
				524B49672BC14E09009DC176 /* PurchaseViewModel.swift in Sources */,
				524B494D2BBC5DE2009DC176 /* PurchaseViewController.swift in Sources */,
				524B491A2BBADE7B009DC176 /* AppDelegate.swift in Sources */,
				524B49632BBDD120009DC176 /* SettingsViewModel.swift in Sources */,
				524B495D2BBDC6BE009DC176 /* LabelModel.swift in Sources */,
				524B495B2BBDBD07009DC176 /* CustomTabBarController.swift in Sources */,
				524B491C2BBADE7B009DC176 /* SceneDelegate.swift in Sources */,
				524B49552BBC6DAE009DC176 /* RecommendationViewModel.swift in Sources */,
			);
			runOnlyForDeploymentPostprocessing = 0;
		};
/* End PBXSourcesBuildPhase section */

/* Begin XCBuildConfiguration section */
		524B49282BBADE7D009DC176 /* Debug */ = {
			isa = XCBuildConfiguration;
			buildSettings = {
				ALWAYS_SEARCH_USER_PATHS = NO;
				ASSETCATALOG_COMPILER_GENERATE_SWIFT_ASSET_SYMBOL_EXTENSIONS = YES;
				CLANG_ANALYZER_NONNULL = YES;
				CLANG_ANALYZER_NUMBER_OBJECT_CONVERSION = YES_AGGRESSIVE;
				CLANG_CXX_LANGUAGE_STANDARD = "gnu++20";
				CLANG_ENABLE_MODULES = YES;
				CLANG_ENABLE_OBJC_ARC = YES;
				CLANG_ENABLE_OBJC_WEAK = YES;
				CLANG_WARN_BLOCK_CAPTURE_AUTORELEASING = YES;
				CLANG_WARN_BOOL_CONVERSION = YES;
				CLANG_WARN_COMMA = YES;
				CLANG_WARN_CONSTANT_CONVERSION = YES;
				CLANG_WARN_DEPRECATED_OBJC_IMPLEMENTATIONS = YES;
				CLANG_WARN_DIRECT_OBJC_ISA_USAGE = YES_ERROR;
				CLANG_WARN_DOCUMENTATION_COMMENTS = YES;
				CLANG_WARN_EMPTY_BODY = YES;
				CLANG_WARN_ENUM_CONVERSION = YES;
				CLANG_WARN_INFINITE_RECURSION = YES;
				CLANG_WARN_INT_CONVERSION = YES;
				CLANG_WARN_NON_LITERAL_NULL_CONVERSION = YES;
				CLANG_WARN_OBJC_IMPLICIT_RETAIN_SELF = YES;
				CLANG_WARN_OBJC_LITERAL_CONVERSION = YES;
				CLANG_WARN_OBJC_ROOT_CLASS = YES_ERROR;
				CLANG_WARN_QUOTED_INCLUDE_IN_FRAMEWORK_HEADER = YES;
				CLANG_WARN_RANGE_LOOP_ANALYSIS = YES;
				CLANG_WARN_STRICT_PROTOTYPES = YES;
				CLANG_WARN_SUSPICIOUS_MOVE = YES;
				CLANG_WARN_UNGUARDED_AVAILABILITY = YES_AGGRESSIVE;
				CLANG_WARN_UNREACHABLE_CODE = YES;
				CLANG_WARN__DUPLICATE_METHOD_MATCH = YES;
				COPY_PHASE_STRIP = NO;
				DEBUG_INFORMATION_FORMAT = dwarf;
				ENABLE_STRICT_OBJC_MSGSEND = YES;
				ENABLE_TESTABILITY = YES;
				ENABLE_USER_SCRIPT_SANDBOXING = YES;
				GCC_C_LANGUAGE_STANDARD = gnu17;
				GCC_DYNAMIC_NO_PIC = NO;
				GCC_NO_COMMON_BLOCKS = YES;
				GCC_OPTIMIZATION_LEVEL = 0;
				GCC_PREPROCESSOR_DEFINITIONS = (
					"DEBUG=1",
					"$(inherited)",
				);
				GCC_WARN_64_TO_32_BIT_CONVERSION = YES;
				GCC_WARN_ABOUT_RETURN_TYPE = YES_ERROR;
				GCC_WARN_UNDECLARED_SELECTOR = YES;
				GCC_WARN_UNINITIALIZED_AUTOS = YES_AGGRESSIVE;
				GCC_WARN_UNUSED_FUNCTION = YES;
				GCC_WARN_UNUSED_VARIABLE = YES;
				IPHONEOS_DEPLOYMENT_TARGET = 17.4;
				LOCALIZATION_PREFERS_STRING_CATALOGS = YES;
				MTL_ENABLE_DEBUG_INFO = INCLUDE_SOURCE;
				MTL_FAST_MATH = YES;
				ONLY_ACTIVE_ARCH = YES;
				SDKROOT = iphoneos;
				SWIFT_ACTIVE_COMPILATION_CONDITIONS = "DEBUG $(inherited)";
				SWIFT_OPTIMIZATION_LEVEL = "-Onone";
			};
			name = Debug;
		};
		524B49292BBADE7D009DC176 /* Release */ = {
			isa = XCBuildConfiguration;
			buildSettings = {
				ALWAYS_SEARCH_USER_PATHS = NO;
				ASSETCATALOG_COMPILER_GENERATE_SWIFT_ASSET_SYMBOL_EXTENSIONS = YES;
				CLANG_ANALYZER_NONNULL = YES;
				CLANG_ANALYZER_NUMBER_OBJECT_CONVERSION = YES_AGGRESSIVE;
				CLANG_CXX_LANGUAGE_STANDARD = "gnu++20";
				CLANG_ENABLE_MODULES = YES;
				CLANG_ENABLE_OBJC_ARC = YES;
				CLANG_ENABLE_OBJC_WEAK = YES;
				CLANG_WARN_BLOCK_CAPTURE_AUTORELEASING = YES;
				CLANG_WARN_BOOL_CONVERSION = YES;
				CLANG_WARN_COMMA = YES;
				CLANG_WARN_CONSTANT_CONVERSION = YES;
				CLANG_WARN_DEPRECATED_OBJC_IMPLEMENTATIONS = YES;
				CLANG_WARN_DIRECT_OBJC_ISA_USAGE = YES_ERROR;
				CLANG_WARN_DOCUMENTATION_COMMENTS = YES;
				CLANG_WARN_EMPTY_BODY = YES;
				CLANG_WARN_ENUM_CONVERSION = YES;
				CLANG_WARN_INFINITE_RECURSION = YES;
				CLANG_WARN_INT_CONVERSION = YES;
				CLANG_WARN_NON_LITERAL_NULL_CONVERSION = YES;
				CLANG_WARN_OBJC_IMPLICIT_RETAIN_SELF = YES;
				CLANG_WARN_OBJC_LITERAL_CONVERSION = YES;
				CLANG_WARN_OBJC_ROOT_CLASS = YES_ERROR;
				CLANG_WARN_QUOTED_INCLUDE_IN_FRAMEWORK_HEADER = YES;
				CLANG_WARN_RANGE_LOOP_ANALYSIS = YES;
				CLANG_WARN_STRICT_PROTOTYPES = YES;
				CLANG_WARN_SUSPICIOUS_MOVE = YES;
				CLANG_WARN_UNGUARDED_AVAILABILITY = YES_AGGRESSIVE;
				CLANG_WARN_UNREACHABLE_CODE = YES;
				CLANG_WARN__DUPLICATE_METHOD_MATCH = YES;
				COPY_PHASE_STRIP = NO;
				DEBUG_INFORMATION_FORMAT = "dwarf-with-dsym";
				ENABLE_NS_ASSERTIONS = NO;
				ENABLE_STRICT_OBJC_MSGSEND = YES;
				ENABLE_USER_SCRIPT_SANDBOXING = YES;
				GCC_C_LANGUAGE_STANDARD = gnu17;
				GCC_NO_COMMON_BLOCKS = YES;
				GCC_WARN_64_TO_32_BIT_CONVERSION = YES;
				GCC_WARN_ABOUT_RETURN_TYPE = YES_ERROR;
				GCC_WARN_UNDECLARED_SELECTOR = YES;
				GCC_WARN_UNINITIALIZED_AUTOS = YES_AGGRESSIVE;
				GCC_WARN_UNUSED_FUNCTION = YES;
				GCC_WARN_UNUSED_VARIABLE = YES;
				IPHONEOS_DEPLOYMENT_TARGET = 17.4;
				LOCALIZATION_PREFERS_STRING_CATALOGS = YES;
				MTL_ENABLE_DEBUG_INFO = NO;
				MTL_FAST_MATH = YES;
				SDKROOT = iphoneos;
				SWIFT_COMPILATION_MODE = wholemodule;
				VALIDATE_PRODUCT = YES;
			};
			name = Release;
		};
		524B492B2BBADE7D009DC176 /* Debug */ = {
			isa = XCBuildConfiguration;
			buildSettings = {
				ASSETCATALOG_COMPILER_APPICON_NAME = AppIcon;
				ASSETCATALOG_COMPILER_GLOBAL_ACCENT_COLOR_NAME = AccentColor;
				CODE_SIGN_STYLE = Automatic;
				CURRENT_PROJECT_VERSION = 1;
				GENERATE_INFOPLIST_FILE = YES;
				INFOPLIST_FILE = MVVM/Resources/Info.plist;
				INFOPLIST_KEY_UIApplicationSupportsIndirectInputEvents = YES;
				INFOPLIST_KEY_UILaunchStoryboardName = LaunchScreen;
				INFOPLIST_KEY_UISupportedInterfaceOrientations = UIInterfaceOrientationPortrait;
				INFOPLIST_KEY_UISupportedInterfaceOrientations_iPad = "UIInterfaceOrientationLandscapeLeft UIInterfaceOrientationLandscapeRight UIInterfaceOrientationPortrait UIInterfaceOrientationPortraitUpsideDown";
				IPHONEOS_DEPLOYMENT_TARGET = 16.0;
				LD_RUNPATH_SEARCH_PATHS = (
					"$(inherited)",
					"@executable_path/Frameworks",
				);
				MARKETING_VERSION = 1.0;
				PRODUCT_BUNDLE_IDENTIFIER = ErtannicS.MVVM;
				PRODUCT_NAME = "$(TARGET_NAME)";
				SWIFT_EMIT_LOC_STRINGS = YES;
				SWIFT_VERSION = 5.0;
				TARGETED_DEVICE_FAMILY = "1,2";
			};
			name = Debug;
		};
		524B492C2BBADE7D009DC176 /* Release */ = {
			isa = XCBuildConfiguration;
			buildSettings = {
				ASSETCATALOG_COMPILER_APPICON_NAME = AppIcon;
				ASSETCATALOG_COMPILER_GLOBAL_ACCENT_COLOR_NAME = AccentColor;
				CODE_SIGN_STYLE = Automatic;
				CURRENT_PROJECT_VERSION = 1;
				GENERATE_INFOPLIST_FILE = YES;
				INFOPLIST_FILE = MVVM/Resources/Info.plist;
				INFOPLIST_KEY_UIApplicationSupportsIndirectInputEvents = YES;
				INFOPLIST_KEY_UILaunchStoryboardName = LaunchScreen;
				INFOPLIST_KEY_UISupportedInterfaceOrientations = UIInterfaceOrientationPortrait;
				INFOPLIST_KEY_UISupportedInterfaceOrientations_iPad = "UIInterfaceOrientationLandscapeLeft UIInterfaceOrientationLandscapeRight UIInterfaceOrientationPortrait UIInterfaceOrientationPortraitUpsideDown";
				IPHONEOS_DEPLOYMENT_TARGET = 16.0;
				LD_RUNPATH_SEARCH_PATHS = (
					"$(inherited)",
					"@executable_path/Frameworks",
				);
				MARKETING_VERSION = 1.0;
				PRODUCT_BUNDLE_IDENTIFIER = ErtannicS.MVVM;
				PRODUCT_NAME = "$(TARGET_NAME)";
				SWIFT_EMIT_LOC_STRINGS = YES;
				SWIFT_VERSION = 5.0;
				TARGETED_DEVICE_FAMILY = "1,2";
			};
			name = Release;
		};
/* End XCBuildConfiguration section */

/* Begin XCConfigurationList section */
		524B49112BBADE7B009DC176 /* Build configuration list for PBXProject "MVVM" */ = {
			isa = XCConfigurationList;
			buildConfigurations = (
				524B49282BBADE7D009DC176 /* Debug */,
				524B49292BBADE7D009DC176 /* Release */,
			);
			defaultConfigurationIsVisible = 0;
			defaultConfigurationName = Release;
		};
		524B492A2BBADE7D009DC176 /* Build configuration list for PBXNativeTarget "MVVM" */ = {
			isa = XCConfigurationList;
			buildConfigurations = (
				524B492B2BBADE7D009DC176 /* Debug */,
				524B492C2BBADE7D009DC176 /* Release */,
			);
			defaultConfigurationIsVisible = 0;
			defaultConfigurationName = Release;
		};
/* End XCConfigurationList section */

/* Begin XCRemoteSwiftPackageReference section */
		8AD6B32B2BBD6D5D00424B6D /* XCRemoteSwiftPackageReference "SnapKit" */ = {
			isa = XCRemoteSwiftPackageReference;
			repositoryURL = "https://github.com/SnapKit/SnapKit";
			requirement = {
				kind = upToNextMajorVersion;
				minimumVersion = 5.7.1;
			};
		};
/* End XCRemoteSwiftPackageReference section */
	};
	rootObject = 524B490E2BBADE7B009DC176 /* Project object */;
}
